// !$*UTF8*$!
{
	archiveVersion = 1;
	classes = {
	};
	objectVersion = 56;
	objects = {

/* Begin PBXBuildFile section */
		44736D012C14436F00EA5121 /* MinecraftNBT in Frameworks */ = {isa = PBXBuildFile; productRef = 44736D002C14436F00EA5121 /* MinecraftNBT */; };
		44736D032C14452A00EA5121 /* FileSelectView.swift in Sources */ = {isa = PBXBuildFile; fileRef = 44736D022C14452A00EA5121 /* FileSelectView.swift */; };
		44736D052C14466200EA5121 /* NBTView.swift in Sources */ = {isa = PBXBuildFile; fileRef = 44736D042C14466200EA5121 /* NBTView.swift */; };
		4488D4D02C136C59008B9D19 /* NBTEditorApp.swift in Sources */ = {isa = PBXBuildFile; fileRef = 4488D4CF2C136C59008B9D19 /* NBTEditorApp.swift */; };
		4488D4D22C136C59008B9D19 /* ContentView.swift in Sources */ = {isa = PBXBuildFile; fileRef = 4488D4D12C136C59008B9D19 /* ContentView.swift */; };
		4488D4D42C136C5A008B9D19 /* Assets.xcassets in Resources */ = {isa = PBXBuildFile; fileRef = 4488D4D32C136C5A008B9D19 /* Assets.xcassets */; };
		4488D4D72C136C5A008B9D19 /* Preview Assets.xcassets in Resources */ = {isa = PBXBuildFile; fileRef = 4488D4D62C136C5A008B9D19 /* Preview Assets.xcassets */; };
		44B6EAEE2C1FE99700C2FFD4 /* NBTDocument.swift in Sources */ = {isa = PBXBuildFile; fileRef = 44B6EAED2C1FE99700C2FFD4 /* NBTDocument.swift */; };
/* End PBXBuildFile section */

/* Begin PBXFileReference section */
		44736D022C14452A00EA5121 /* FileSelectView.swift */ = {isa = PBXFileReference; lastKnownFileType = sourcecode.swift; path = FileSelectView.swift; sourceTree = "<group>"; };
		44736D042C14466200EA5121 /* NBTView.swift */ = {isa = PBXFileReference; lastKnownFileType = sourcecode.swift; path = NBTView.swift; sourceTree = "<group>"; };
		4488D4CC2C136C59008B9D19 /* NBTEditor.app */ = {isa = PBXFileReference; explicitFileType = wrapper.application; includeInIndex = 0; path = NBTEditor.app; sourceTree = BUILT_PRODUCTS_DIR; };
		4488D4CF2C136C59008B9D19 /* NBTEditorApp.swift */ = {isa = PBXFileReference; lastKnownFileType = sourcecode.swift; path = NBTEditorApp.swift; sourceTree = "<group>"; };
		4488D4D12C136C59008B9D19 /* ContentView.swift */ = {isa = PBXFileReference; lastKnownFileType = sourcecode.swift; path = ContentView.swift; sourceTree = "<group>"; };
		4488D4D32C136C5A008B9D19 /* Assets.xcassets */ = {isa = PBXFileReference; lastKnownFileType = folder.assetcatalog; path = Assets.xcassets; sourceTree = "<group>"; };
		4488D4D62C136C5A008B9D19 /* Preview Assets.xcassets */ = {isa = PBXFileReference; lastKnownFileType = folder.assetcatalog; path = "Preview Assets.xcassets"; sourceTree = "<group>"; };
		4488D4D82C136C5A008B9D19 /* NBTEditor.entitlements */ = {isa = PBXFileReference; lastKnownFileType = text.plist.entitlements; path = NBTEditor.entitlements; sourceTree = "<group>"; };
		44B693382C24000500DA82FB /* NBTEditorRelease.entitlements */ = {isa = PBXFileReference; lastKnownFileType = text.plist.entitlements; path = NBTEditorRelease.entitlements; sourceTree = "<group>"; };
		44B6EAED2C1FE99700C2FFD4 /* NBTDocument.swift */ = {isa = PBXFileReference; lastKnownFileType = sourcecode.swift; path = NBTDocument.swift; sourceTree = "<group>"; };
/* End PBXFileReference section */

/* Begin PBXFrameworksBuildPhase section */
		4488D4C92C136C59008B9D19 /* Frameworks */ = {
			isa = PBXFrameworksBuildPhase;
			buildActionMask = 2147483647;
			files = (
				44736D012C14436F00EA5121 /* MinecraftNBT in Frameworks */,
			);
			runOnlyForDeploymentPostprocessing = 0;
		};
/* End PBXFrameworksBuildPhase section */

/* Begin PBXGroup section */
		4488D4C32C136C59008B9D19 = {
			isa = PBXGroup;
			children = (
				4488D4CE2C136C59008B9D19 /* NBTEditor */,
				4488D4CD2C136C59008B9D19 /* Products */,
			);
			sourceTree = "<group>";
		};
		4488D4CD2C136C59008B9D19 /* Products */ = {
			isa = PBXGroup;
			children = (
				4488D4CC2C136C59008B9D19 /* NBTEditor.app */,
			);
			name = Products;
			sourceTree = "<group>";
		};
		4488D4CE2C136C59008B9D19 /* NBTEditor */ = {
			isa = PBXGroup;
			children = (
				44B693382C24000500DA82FB /* NBTEditorRelease.entitlements */,
				4488D4CF2C136C59008B9D19 /* NBTEditorApp.swift */,
				4488D4D12C136C59008B9D19 /* ContentView.swift */,
				44736D022C14452A00EA5121 /* FileSelectView.swift */,
				44736D042C14466200EA5121 /* NBTView.swift */,
				44B6EAED2C1FE99700C2FFD4 /* NBTDocument.swift */,
				4488D4D32C136C5A008B9D19 /* Assets.xcassets */,
				4488D4D82C136C5A008B9D19 /* NBTEditor.entitlements */,
				4488D4D52C136C5A008B9D19 /* Preview Content */,
			);
			path = NBTEditor;
			sourceTree = "<group>";
		};
		4488D4D52C136C5A008B9D19 /* Preview Content */ = {
			isa = PBXGroup;
			children = (
				4488D4D62C136C5A008B9D19 /* Preview Assets.xcassets */,
			);
			path = "Preview Content";
			sourceTree = "<group>";
		};
/* End PBXGroup section */

/* Begin PBXNativeTarget section */
		4488D4CB2C136C59008B9D19 /* NBTEditor */ = {
			isa = PBXNativeTarget;
			buildConfigurationList = 4488D4DB2C136C5A008B9D19 /* Build configuration list for PBXNativeTarget "NBTEditor" */;
			buildPhases = (
				4488D4C82C136C59008B9D19 /* Sources */,
				4488D4C92C136C59008B9D19 /* Frameworks */,
				4488D4CA2C136C59008B9D19 /* Resources */,
			);
			buildRules = (
			);
			dependencies = (
			);
			name = NBTEditor;
			packageProductDependencies = (
				44736D002C14436F00EA5121 /* MinecraftNBT */,
			);
			productName = NBTEditor;
			productReference = 4488D4CC2C136C59008B9D19 /* NBTEditor.app */;
			productType = "com.apple.product-type.application";
		};
/* End PBXNativeTarget section */

/* Begin PBXProject section */
		4488D4C42C136C59008B9D19 /* Project object */ = {
			isa = PBXProject;
			attributes = {
				BuildIndependentTargetsInParallel = 1;
				LastSwiftUpdateCheck = 1530;
				LastUpgradeCheck = 1530;
				TargetAttributes = {
					4488D4CB2C136C59008B9D19 = {
						CreatedOnToolsVersion = 15.3;
					};
				};
			};
			buildConfigurationList = 4488D4C72C136C59008B9D19 /* Build configuration list for PBXProject "NBTEditor" */;
			compatibilityVersion = "Xcode 14.0";
			developmentRegion = en;
			hasScannedForEncodings = 0;
			knownRegions = (
				en,
				Base,
			);
			mainGroup = 4488D4C32C136C59008B9D19;
			packageReferences = (
				44736CFF2C14436F00EA5121 /* XCRemoteSwiftPackageReference "swift-nbt" */,
			);
			productRefGroup = 4488D4CD2C136C59008B9D19 /* Products */;
			projectDirPath = "";
			projectRoot = "";
			targets = (
				4488D4CB2C136C59008B9D19 /* NBTEditor */,
			);
		};
/* End PBXProject section */

/* Begin PBXResourcesBuildPhase section */
		4488D4CA2C136C59008B9D19 /* Resources */ = {
			isa = PBXResourcesBuildPhase;
			buildActionMask = 2147483647;
			files = (
				4488D4D72C136C5A008B9D19 /* Preview Assets.xcassets in Resources */,
				4488D4D42C136C5A008B9D19 /* Assets.xcassets in Resources */,
			);
			runOnlyForDeploymentPostprocessing = 0;
		};
/* End PBXResourcesBuildPhase section */

/* Begin PBXSourcesBuildPhase section */
		4488D4C82C136C59008B9D19 /* Sources */ = {
			isa = PBXSourcesBuildPhase;
			buildActionMask = 2147483647;
			files = (
				44B6EAEE2C1FE99700C2FFD4 /* NBTDocument.swift in Sources */,
				44736D032C14452A00EA5121 /* FileSelectView.swift in Sources */,
				4488D4D22C136C59008B9D19 /* ContentView.swift in Sources */,
				4488D4D02C136C59008B9D19 /* NBTEditorApp.swift in Sources */,
				44736D052C14466200EA5121 /* NBTView.swift in Sources */,
			);
			runOnlyForDeploymentPostprocessing = 0;
		};
/* End PBXSourcesBuildPhase section */

/* Begin XCBuildConfiguration section */
		4488D4D92C136C5A008B9D19 /* Debug */ = {
			isa = XCBuildConfiguration;
			buildSettings = {
				ALWAYS_SEARCH_USER_PATHS = NO;
				ASSETCATALOG_COMPILER_GENERATE_SWIFT_ASSET_SYMBOL_EXTENSIONS = YES;
				CLANG_ANALYZER_NONNULL = YES;
				CLANG_ANALYZER_NUMBER_OBJECT_CONVERSION = YES_AGGRESSIVE;
				CLANG_CXX_LANGUAGE_STANDARD = "gnu++20";
				CLANG_ENABLE_MODULES = YES;
				CLANG_ENABLE_OBJC_ARC = YES;
				CLANG_ENABLE_OBJC_WEAK = YES;
				CLANG_WARN_BLOCK_CAPTURE_AUTORELEASING = YES;
				CLANG_WARN_BOOL_CONVERSION = YES;
				CLANG_WARN_COMMA = YES;
				CLANG_WARN_CONSTANT_CONVERSION = YES;
				CLANG_WARN_DEPRECATED_OBJC_IMPLEMENTATIONS = YES;
				CLANG_WARN_DIRECT_OBJC_ISA_USAGE = YES_ERROR;
				CLANG_WARN_DOCUMENTATION_COMMENTS = YES;
				CLANG_WARN_EMPTY_BODY = YES;
				CLANG_WARN_ENUM_CONVERSION = YES;
				CLANG_WARN_INFINITE_RECURSION = YES;
				CLANG_WARN_INT_CONVERSION = YES;
				CLANG_WARN_NON_LITERAL_NULL_CONVERSION = YES;
				CLANG_WARN_OBJC_IMPLICIT_RETAIN_SELF = YES;
				CLANG_WARN_OBJC_LITERAL_CONVERSION = YES;
				CLANG_WARN_OBJC_ROOT_CLASS = YES_ERROR;
				CLANG_WARN_QUOTED_INCLUDE_IN_FRAMEWORK_HEADER = YES;
				CLANG_WARN_RANGE_LOOP_ANALYSIS = YES;
				CLANG_WARN_STRICT_PROTOTYPES = YES;
				CLANG_WARN_SUSPICIOUS_MOVE = YES;
				CLANG_WARN_UNGUARDED_AVAILABILITY = YES_AGGRESSIVE;
				CLANG_WARN_UNREACHABLE_CODE = YES;
				CLANG_WARN__DUPLICATE_METHOD_MATCH = YES;
				COPY_PHASE_STRIP = NO;
				DEBUG_INFORMATION_FORMAT = dwarf;
				ENABLE_STRICT_OBJC_MSGSEND = YES;
				ENABLE_TESTABILITY = YES;
				ENABLE_USER_SCRIPT_SANDBOXING = YES;
				GCC_C_LANGUAGE_STANDARD = gnu17;
				GCC_DYNAMIC_NO_PIC = NO;
				GCC_NO_COMMON_BLOCKS = YES;
				GCC_OPTIMIZATION_LEVEL = 0;
				GCC_PREPROCESSOR_DEFINITIONS = (
					"DEBUG=1",
					"$(inherited)",
				);
				GCC_WARN_64_TO_32_BIT_CONVERSION = YES;
				GCC_WARN_ABOUT_RETURN_TYPE = YES_ERROR;
				GCC_WARN_UNDECLARED_SELECTOR = YES;
				GCC_WARN_UNINITIALIZED_AUTOS = YES_AGGRESSIVE;
				GCC_WARN_UNUSED_FUNCTION = YES;
				GCC_WARN_UNUSED_VARIABLE = YES;
				LOCALIZATION_PREFERS_STRING_CATALOGS = YES;
				MACOSX_DEPLOYMENT_TARGET = 14.4;
				MTL_ENABLE_DEBUG_INFO = INCLUDE_SOURCE;
				MTL_FAST_MATH = YES;
				ONLY_ACTIVE_ARCH = YES;
				SDKROOT = macosx;
				SWIFT_ACTIVE_COMPILATION_CONDITIONS = "DEBUG $(inherited)";
				SWIFT_OPTIMIZATION_LEVEL = "-Onone";
			};
			name = Debug;
		};
		4488D4DA2C136C5A008B9D19 /* Release */ = {
			isa = XCBuildConfiguration;
			buildSettings = {
				ALWAYS_SEARCH_USER_PATHS = NO;
				ASSETCATALOG_COMPILER_GENERATE_SWIFT_ASSET_SYMBOL_EXTENSIONS = YES;
				CLANG_ANALYZER_NONNULL = YES;
				CLANG_ANALYZER_NUMBER_OBJECT_CONVERSION = YES_AGGRESSIVE;
				CLANG_CXX_LANGUAGE_STANDARD = "gnu++20";
				CLANG_ENABLE_MODULES = YES;
				CLANG_ENABLE_OBJC_ARC = YES;
				CLANG_ENABLE_OBJC_WEAK = YES;
				CLANG_WARN_BLOCK_CAPTURE_AUTORELEASING = YES;
				CLANG_WARN_BOOL_CONVERSION = YES;
				CLANG_WARN_COMMA = YES;
				CLANG_WARN_CONSTANT_CONVERSION = YES;
				CLANG_WARN_DEPRECATED_OBJC_IMPLEMENTATIONS = YES;
				CLANG_WARN_DIRECT_OBJC_ISA_USAGE = YES_ERROR;
				CLANG_WARN_DOCUMENTATION_COMMENTS = YES;
				CLANG_WARN_EMPTY_BODY = YES;
				CLANG_WARN_ENUM_CONVERSION = YES;
				CLANG_WARN_INFINITE_RECURSION = YES;
				CLANG_WARN_INT_CONVERSION = YES;
				CLANG_WARN_NON_LITERAL_NULL_CONVERSION = YES;
				CLANG_WARN_OBJC_IMPLICIT_RETAIN_SELF = YES;
				CLANG_WARN_OBJC_LITERAL_CONVERSION = YES;
				CLANG_WARN_OBJC_ROOT_CLASS = YES_ERROR;
				CLANG_WARN_QUOTED_INCLUDE_IN_FRAMEWORK_HEADER = YES;
				CLANG_WARN_RANGE_LOOP_ANALYSIS = YES;
				CLANG_WARN_STRICT_PROTOTYPES = YES;
				CLANG_WARN_SUSPICIOUS_MOVE = YES;
				CLANG_WARN_UNGUARDED_AVAILABILITY = YES_AGGRESSIVE;
				CLANG_WARN_UNREACHABLE_CODE = YES;
				CLANG_WARN__DUPLICATE_METHOD_MATCH = YES;
				COPY_PHASE_STRIP = NO;
				DEBUG_INFORMATION_FORMAT = "dwarf-with-dsym";
				ENABLE_NS_ASSERTIONS = NO;
				ENABLE_STRICT_OBJC_MSGSEND = YES;
				ENABLE_USER_SCRIPT_SANDBOXING = YES;
				GCC_C_LANGUAGE_STANDARD = gnu17;
				GCC_NO_COMMON_BLOCKS = YES;
				GCC_WARN_64_TO_32_BIT_CONVERSION = YES;
				GCC_WARN_ABOUT_RETURN_TYPE = YES_ERROR;
				GCC_WARN_UNDECLARED_SELECTOR = YES;
				GCC_WARN_UNINITIALIZED_AUTOS = YES_AGGRESSIVE;
				GCC_WARN_UNUSED_FUNCTION = YES;
				GCC_WARN_UNUSED_VARIABLE = YES;
				LOCALIZATION_PREFERS_STRING_CATALOGS = YES;
				MACOSX_DEPLOYMENT_TARGET = 14.4;
				MTL_ENABLE_DEBUG_INFO = NO;
				MTL_FAST_MATH = YES;
				SDKROOT = macosx;
				SWIFT_COMPILATION_MODE = wholemodule;
			};
			name = Release;
		};
		4488D4DC2C136C5A008B9D19 /* Debug */ = {
			isa = XCBuildConfiguration;
			buildSettings = {
				ASSETCATALOG_COMPILER_APPICON_NAME = AppIcon;
				ASSETCATALOG_COMPILER_GLOBAL_ACCENT_COLOR_NAME = AccentColor;
				CODE_SIGN_ENTITLEMENTS = NBTEditor/NBTEditor.entitlements;
				"CODE_SIGN_IDENTITY[sdk=macosx*]" = "Apple Development";
				CODE_SIGN_STYLE = Automatic;
				COMBINE_HIDPI_IMAGES = YES;
				CURRENT_PROJECT_VERSION = 1;
				DEVELOPMENT_ASSET_PATHS = "\"NBTEditor/Preview Content\"";
				DEVELOPMENT_TEAM = X87QM455QV;
				ENABLE_PREVIEWS = YES;
				GENERATE_INFOPLIST_FILE = YES;
				INFOPLIST_KEY_CFBundleDisplayName = NBTEditor;
				INFOPLIST_KEY_LSApplicationCategoryType = "public.app-category.developer-tools";
				INFOPLIST_KEY_NSHumanReadableCopyright = "";
				LD_RUNPATH_SEARCH_PATHS = (
					"$(inherited)",
					"@executable_path/../Frameworks",
				);
				MARKETING_VERSION = 0.1.0;
				PRODUCT_BUNDLE_IDENTIFIER = top.nekoit.NBTEditor;
				PRODUCT_NAME = "$(TARGET_NAME)";
				SWIFT_EMIT_LOC_STRINGS = YES;
				SWIFT_VERSION = 5.0;
			};
			name = Debug;
		};
		4488D4DD2C136C5A008B9D19 /* Release */ = {
			isa = XCBuildConfiguration;
			buildSettings = {
				ASSETCATALOG_COMPILER_APPICON_NAME = AppIcon;
				ASSETCATALOG_COMPILER_GLOBAL_ACCENT_COLOR_NAME = AccentColor;
				CODE_SIGN_ENTITLEMENTS = NBTEditor/NBTEditorRelease.entitlements;
				"CODE_SIGN_IDENTITY[sdk=macosx*]" = "Apple Development";
				CODE_SIGN_STYLE = Automatic;
				COMBINE_HIDPI_IMAGES = YES;
				CURRENT_PROJECT_VERSION = 1;
				DEVELOPMENT_ASSET_PATHS = "\"NBTEditor/Preview Content\"";
				DEVELOPMENT_TEAM = X87QM455QV;
				ENABLE_PREVIEWS = YES;
				GENERATE_INFOPLIST_FILE = YES;
				INFOPLIST_KEY_CFBundleDisplayName = NBTEditor;
				INFOPLIST_KEY_LSApplicationCategoryType = "public.app-category.developer-tools";
				INFOPLIST_KEY_NSHumanReadableCopyright = "";
				LD_RUNPATH_SEARCH_PATHS = (
					"$(inherited)",
					"@executable_path/../Frameworks",
				);
				MARKETING_VERSION = 0.1.0;
				PRODUCT_BUNDLE_IDENTIFIER = top.nekoit.NBTEditor;
				PRODUCT_NAME = "$(TARGET_NAME)";
				SWIFT_EMIT_LOC_STRINGS = YES;
				SWIFT_VERSION = 5.0;
			};
			name = Release;
		};
/* End XCBuildConfiguration section */

/* Begin XCConfigurationList section */
		4488D4C72C136C59008B9D19 /* Build configuration list for PBXProject "NBTEditor" */ = {
			isa = XCConfigurationList;
			buildConfigurations = (
				4488D4D92C136C5A008B9D19 /* Debug */,
				4488D4DA2C136C5A008B9D19 /* Release */,
			);
			defaultConfigurationIsVisible = 0;
			defaultConfigurationName = Release;
		};
		4488D4DB2C136C5A008B9D19 /* Build configuration list for PBXNativeTarget "NBTEditor" */ = {
			isa = XCConfigurationList;
			buildConfigurations = (
				4488D4DC2C136C5A008B9D19 /* Debug */,
				4488D4DD2C136C5A008B9D19 /* Release */,
			);
			defaultConfigurationIsVisible = 0;
			defaultConfigurationName = Release;
		};
/* End XCConfigurationList section */

/* Begin XCRemoteSwiftPackageReference section */
		44736CFF2C14436F00EA5121 /* XCRemoteSwiftPackageReference "swift-nbt" */ = {
			isa = XCRemoteSwiftPackageReference;
			repositoryURL = "https://github.com/ezfe/swift-nbt";
			requirement = {
				branch = main;
				kind = branch;
			};
		};
/* End XCRemoteSwiftPackageReference section */

/* Begin XCSwiftPackageProductDependency section */
		44736D002C14436F00EA5121 /* MinecraftNBT */ = {
			isa = XCSwiftPackageProductDependency;
			package = 44736CFF2C14436F00EA5121 /* XCRemoteSwiftPackageReference "swift-nbt" */;
			productName = MinecraftNBT;
		};
/* End XCSwiftPackageProductDependency section */
	};
	rootObject = 4488D4C42C136C59008B9D19 /* Project object */;
}
